<?xml version="1.0" encoding="utf-8"?>
<Project ToolsVersion="4.0" xmlns="http://schemas.microsoft.com/developer/msbuild/2003">
  <ItemGroup>
    <Filter Include="Source Files">
      <UniqueIdentifier>{4FC737F1-C7A5-4376-A066-2A32D752A2FF}</UniqueIdentifier>
      <Extensions>cpp;c;cc;cxx;def;odl;idl;hpj;bat;asm;asmx</Extensions>
    </Filter>
    <Filter Include="Header Files">
      <UniqueIdentifier>{93995380-89BD-4b04-88EB-625FBE52EBFB}</UniqueIdentifier>
      <Extensions>h;hh;hpp;hxx;hm;inl;inc;xsd</Extensions>
    </Filter>
    <Filter Include="Resource Files">
      <UniqueIdentifier>{67DA6AB6-F800-4c08-8B7A-83BB121AAD01}</UniqueIdentifier>
      <Extensions>rc;ico;cur;bmp;dlg;rc2;rct;bin;rgs;gif;jpg;jpeg;jpe;resx;tiff;tif;png;wav;mfcribbon-ms</Extensions>
    </Filter>
  </ItemGroup>
  <ItemGroup>
    <ClCompile Include="src\Event\Input\InputIncrementer.cpp">
      <Filter>Source Files</Filter>
    </ClCompile>
    <ClCompile Include="src\Event\Input\InputKeyState.cpp">
      <Filter>Source Files</Filter>
    </ClCompile>
    <ClCompile Include="src\Event\Input\InputManager.cpp">
      <Filter>Source Files</Filter>
    </ClCompile>
    <ClCompile Include="src\Event\EventManager.cpp">
      <Filter>Source Files</Filter>
    </ClCompile>
    <ClCompile Include="src\Event\Events.cpp">
      <Filter>Source Files</Filter>
    </ClCompile>
    <ClCompile Include="src\Game\Scene\Scene.cpp">
      <Filter>Source Files</Filter>
    </ClCompile>
    <ClCompile Include="src\Game\Camera.cpp">
      <Filter>Source Files</Filter>
    </ClCompile>
    <ClCompile Include="src\Game\FAMaterial.cpp">
      <Filter>Source Files</Filter>
    </ClCompile>
    <ClCompile Include="src\Game\FAMesh.cpp">
      <Filter>Source Files</Filter>
    </ClCompile>
    <ClCompile Include="src\Game\FAModel.cpp">
      <Filter>Source Files</Filter>
    </ClCompile>
    <ClCompile Include="src\Game\Game.cpp">
      <Filter>Source Files</Filter>
    </ClCompile>
    <ClCompile Include="src\gl\FBOData.cpp">
      <Filter>Source Files</Filter>
    </ClCompile>
    <ClCompile Include="src\gl\FrameBuffer.cpp">
      <Filter>Source Files</Filter>
    </ClCompile>
    <ClCompile Include="src\gl\GLFunctions.cpp">
      <Filter>Source Files</Filter>
    </ClCompile>
    <ClCompile Include="src\gl\RenderQuad.cpp">
      <Filter>Source Files</Filter>
    </ClCompile>
    <ClCompile Include="src\gl\SamplerObject.cpp">
      <Filter>Source Files</Filter>
    </ClCompile>
    <ClCompile Include="src\gl\TexData.cpp">
      <Filter>Source Files</Filter>
    </ClCompile>
    <ClCompile Include="src\gl\Texture.cpp">
      <Filter>Source Files</Filter>
    </ClCompile>
    <ClCompile Include="src\gl\VAData.cpp">
      <Filter>Source Files</Filter>
    </ClCompile>
    <ClCompile Include="src\gui\Views\MainMenuView.cpp">
      <Filter>Source Files</Filter>
    </ClCompile>
    <ClCompile Include="src\gui\Button.cpp">
      <Filter>Source Files</Filter>
    </ClCompile>
    <ClCompile Include="src\gui\Checkbox.cpp">
      <Filter>Source Files</Filter>
    </ClCompile>
    <ClCompile Include="src\gui\ChoiseBar.cpp">
      <Filter>Source Files</Filter>
    </ClCompile>
    <ClCompile Include="src\gui\Element.cpp">
      <Filter>Source Files</Filter>
    </ClCompile>
    <ClCompile Include="src\gui\Font.cpp">
      <Filter>Source Files</Filter>
    </ClCompile>
    <ClCompile Include="src\gui\Label.cpp">
      <Filter>Source Files</Filter>
    </ClCompile>
    <ClCompile Include="src\gui\Manager.cpp">
      <Filter>Source Files</Filter>
    </ClCompile>
    <ClCompile Include="src\gui\ProgressBar.cpp">
      <Filter>Source Files</Filter>
    </ClCompile>
    <ClCompile Include="src\gui\Rectangle.cpp">
      <Filter>Source Files</Filter>
    </ClCompile>
    <ClCompile Include="src\gui\StringComponents.cpp">
      <Filter>Source Files</Filter>
    </ClCompile>
    <ClCompile Include="src\gui\TexturedRectangle.cpp">
      <Filter>Source Files</Filter>
    </ClCompile>
    <ClCompile Include="src\gui\View.cpp">
      <Filter>Source Files</Filter>
    </ClCompile>
    <ClCompile Include="src\Render\Shader.cpp">
      <Filter>Source Files</Filter>
    </ClCompile>
    <ClCompile Include="src\Factory.cpp">
      <Filter>Source Files</Filter>
    </ClCompile>
    <ClCompile Include="src\main.cpp">
      <Filter>Source Files</Filter>
    </ClCompile>
    <ClCompile Include="src\node.cpp">
      <Filter>Source Files</Filter>
    </ClCompile>
    <ClCompile Include="src\projectScene.cpp">
      <Filter>Source Files</Filter>
    </ClCompile>
    <ClCompile Include="src\StaticVars.cpp">
      <Filter>Source Files</Filter>
    </ClCompile>
    <ClCompile Include="src\Render\FrameObject.cpp">
      <Filter>Source Files</Filter>
    </ClCompile>
    <ClCompile Include="src\Render\FrameData.cpp">
      <Filter>Source Files</Filter>
    </ClCompile>
    <ClCompile Include="src\Game\FATexture.cpp">
      <Filter>Source Files</Filter>
    </ClCompile>
    <ClCompile Include="PA2528-3\AssimpLoader.cpp">
      <Filter>Source Files</Filter>
    </ClCompile>
    <ClCompile Include="PA2528-3\Atomic.cpp">
      <Filter>Source Files</Filter>
    </ClCompile>
    <ClCompile Include="PA2528-3\ImageLoader.cpp">
      <Filter>Source Files</Filter>
    </ClCompile>
    <ClCompile Include="PA2528-3\ImporterManager.cpp">
      <Filter>Source Files</Filter>
    </ClCompile>
    <ClCompile Include="PA2528-3\PackageReader.cpp">
      <Filter>Source Files</Filter>
    </ClCompile>
    <ClCompile Include="PA2528-3\ResourceManager.cpp">
      <Filter>Source Files</Filter>
    </ClCompile>
    <ClCompile Include="PA2528-3\Semaphore.cpp">
      <Filter>Source Files</Filter>
    </ClCompile>
    <ClCompile Include="PA2528-3\SpinLock.cpp">
      <Filter>Source Files</Filter>
    </ClCompile>
    <ClCompile Include="PA2528-3\Thread.cpp">
      <Filter>Source Files</Filter>
    </ClCompile>
    <ClCompile Include="PA2528-3\ThreadPool.cpp">
      <Filter>Source Files</Filter>
    </ClCompile>
    <ClCompile Include="PA2528-3\utility.cpp">
      <Filter>Source Files</Filter>
    </ClCompile>
    <ClCompile Include="src\Game\FAMaterialColor.cpp">
      <Filter>Source Files</Filter>
    </ClCompile>
  </ItemGroup>
  <ItemGroup>
    <ClInclude Include="header\Event\Input\InputIncrementer.h">
      <Filter>Header Files</Filter>
    </ClInclude>
    <ClInclude Include="header\Event\Input\InputKeyState.h">
      <Filter>Header Files</Filter>
    </ClInclude>
    <ClInclude Include="header\Event\Input\InputManager.h">
      <Filter>Header Files</Filter>
    </ClInclude>
    <ClInclude Include="header\Event\SceneEvents\CreateEvents.h">
      <Filter>Header Files</Filter>
    </ClInclude>
    <ClInclude Include="header\Event\SceneEvents\SceneEvent.h">
      <Filter>Header Files</Filter>
    </ClInclude>
    <ClInclude Include="header\Event\EventManager.h">
      <Filter>Header Files</Filter>
    </ClInclude>
    <ClInclude Include="header\Event\Events.h">
      <Filter>Header Files</Filter>
    </ClInclude>
    <ClInclude Include="header\Game\Scene\DrawFrame.h">
      <Filter>Header Files</Filter>
    </ClInclude>
    <ClInclude Include="header\Game\Scene\QuadTree.h">
      <Filter>Header Files</Filter>
    </ClInclude>
    <ClInclude Include="header\Game\Scene\Scene.h">
      <Filter>Header Files</Filter>
    </ClInclude>
    <ClInclude Include="header\Game\Scene\SceneEventManager.h">
      <Filter>Header Files</Filter>
    </ClInclude>
    <ClInclude Include="header\Game\Camera.h">
      <Filter>Header Files</Filter>
    </ClInclude>
    <ClInclude Include="header\Game\FAMaterial.h">
      <Filter>Header Files</Filter>
    </ClInclude>
    <ClInclude Include="header\Game\FAMesh.h">
      <Filter>Header Files</Filter>
    </ClInclude>
    <ClInclude Include="header\Game\FAModel.h">
      <Filter>Header Files</Filter>
    </ClInclude>
    <ClInclude Include="header\Game\Game.h">
      <Filter>Header Files</Filter>
    </ClInclude>
    <ClInclude Include="header\Game\TestGame.h">
      <Filter>Header Files</Filter>
    </ClInclude>
    <ClInclude Include="header\gl\FBOData.h">
      <Filter>Header Files</Filter>
    </ClInclude>
    <ClInclude Include="header\gl\FrameBuffer.h">
      <Filter>Header Files</Filter>
    </ClInclude>
    <ClInclude Include="header\gl\GLFunctions.h">
      <Filter>Header Files</Filter>
    </ClInclude>
    <ClInclude Include="header\gl\glInclude.h">
      <Filter>Header Files</Filter>
    </ClInclude>
    <ClInclude Include="header\gl\RenderQuad.h">
      <Filter>Header Files</Filter>
    </ClInclude>
    <ClInclude Include="header\gl\SamplerObject.h">
      <Filter>Header Files</Filter>
    </ClInclude>
    <ClInclude Include="header\gl\TexData.h">
      <Filter>Header Files</Filter>
    </ClInclude>
    <ClInclude Include="header\gl\Texture.h">
      <Filter>Header Files</Filter>
    </ClInclude>
    <ClInclude Include="header\gl\VAData.h">
      <Filter>Header Files</Filter>
    </ClInclude>
    <ClInclude Include="header\gui\Views\MainMenuView.h">
      <Filter>Header Files</Filter>
    </ClInclude>
    <ClInclude Include="header\gui\Button.h">
      <Filter>Header Files</Filter>
    </ClInclude>
    <ClInclude Include="header\gui\Checkbox.h">
      <Filter>Header Files</Filter>
    </ClInclude>
    <ClInclude Include="header\gui\ChoiseBar.h">
      <Filter>Header Files</Filter>
    </ClInclude>
    <ClInclude Include="header\gui\Element.h">
      <Filter>Header Files</Filter>
    </ClInclude>
    <ClInclude Include="header\gui\Font.h">
      <Filter>Header Files</Filter>
    </ClInclude>
    <ClInclude Include="header\gui\Label.h">
      <Filter>Header Files</Filter>
    </ClInclude>
    <ClInclude Include="header\gui\Manager.h">
      <Filter>Header Files</Filter>
    </ClInclude>
    <ClInclude Include="header\gui\ProgressBar.h">
      <Filter>Header Files</Filter>
    </ClInclude>
    <ClInclude Include="header\gui\Rectangle.h">
      <Filter>Header Files</Filter>
    </ClInclude>
    <ClInclude Include="header\gui\StringComponents.h">
      <Filter>Header Files</Filter>
    </ClInclude>
    <ClInclude Include="header\gui\TexturedRectangle.h">
      <Filter>Header Files</Filter>
    </ClInclude>
    <ClInclude Include="header\gui\View.h">
      <Filter>Header Files</Filter>
    </ClInclude>
    <ClInclude Include="header\Render\Shader.h">
      <Filter>Header Files</Filter>
    </ClInclude>
    <ClInclude Include="header\Factory.h">
      <Filter>Header Files</Filter>
    </ClInclude>
    <ClInclude Include="header\keyBindings.h">
      <Filter>Header Files</Filter>
    </ClInclude>
    <ClInclude Include="header\node.h">
      <Filter>Header Files</Filter>
    </ClInclude>
    <ClInclude Include="header\projectScene.h">
      <Filter>Header Files</Filter>
    </ClInclude>
    <ClInclude Include="header\StaticVars.h">
      <Filter>Header Files</Filter>
    </ClInclude>
    <ClInclude Include="header\type_info.h">
      <Filter>Header Files</Filter>
    </ClInclude>
    <ClInclude Include="header\gl_include.h">
      <Filter>Header Files</Filter>
    </ClInclude>
    <ClInclude Include="header\Render\FrameObject.h">
      <Filter>Header Files</Filter>
    </ClInclude>
    <ClInclude Include="header\Render\FrameData.h">
      <Filter>Header Files</Filter>
    </ClInclude>
    <ClInclude Include="header\Game\FATexture.h">
      <Filter>Header Files</Filter>
    </ClInclude>
    <ClInclude Include="PA2528-3\Array.hpp">
      <Filter>Header Files</Filter>
    </ClInclude>
    <ClInclude Include="PA2528-3\AssimpLoader.h">
      <Filter>Header Files</Filter>
    </ClInclude>
    <ClInclude Include="PA2528-3\Atomic.hpp">
      <Filter>Header Files</Filter>
    </ClInclude>
    <ClInclude Include="PA2528-3\Function.hpp">
      <Filter>Header Files</Filter>
    </ClInclude>
    <ClInclude Include="PA2528-3\gui_t.hpp">
      <Filter>Header Files</Filter>
    </ClInclude>
    <ClInclude Include="PA2528-3\HashMap.hpp">
      <Filter>Header Files</Filter>
    </ClInclude>
    <ClInclude Include="PA2528-3\ImageLoader.h">
      <Filter>Header Files</Filter>
    </ClInclude>
    <ClInclude Include="PA2528-3\ImporterManager.h">
      <Filter>Header Files</Filter>
    </ClInclude>
    <ClInclude Include="PA2528-3\ImporterTester.h">
      <Filter>Header Files</Filter>
    </ClInclude>
    <ClInclude Include="PA2528-3\Lambda.hpp">
      <Filter>Header Files</Filter>
    </ClInclude>
    <ClInclude Include="PA2528-3\Mesh.hpp">
      <Filter>Header Files</Filter>
    </ClInclude>
    <ClInclude Include="PA2528-3\OffsetPointer.hpp">
      <Filter>Header Files</Filter>
    </ClInclude>
    <ClInclude Include="PA2528-3\PackageReader.hpp">
      <Filter>Header Files</Filter>
    </ClInclude>
    <ClInclude Include="PA2528-3\Promise.hpp">
      <Filter>Header Files</Filter>
    </ClInclude>
    <ClInclude Include="PA2528-3\ResourceManager.hpp">
      <Filter>Header Files</Filter>
    </ClInclude>
    <ClInclude Include="PA2528-3\Semaphore.hpp">
      <Filter>Header Files</Filter>
    </ClInclude>
    <ClInclude Include="PA2528-3\SharedPtr.hpp">
      <Filter>Header Files</Filter>
    </ClInclude>
    <ClInclude Include="PA2528-3\SpinLock.hpp">
      <Filter>Header Files</Filter>
    </ClInclude>
    <ClInclude Include="PA2528-3\stb_image.h">
      <Filter>Header Files</Filter>
    </ClInclude>
    <ClInclude Include="PA2528-3\Texture.hpp">
      <Filter>Header Files</Filter>
    </ClInclude>
    <ClInclude Include="PA2528-3\Thread.hpp">
      <Filter>Header Files</Filter>
    </ClInclude>
    <ClInclude Include="PA2528-3\ThreadPool.hpp">
      <Filter>Header Files</Filter>
    </ClInclude>
    <ClInclude Include="PA2528-3\utility.hpp">
      <Filter>Header Files</Filter>
    </ClInclude>
    <ClInclude Include="header\Game\FAMaterialColor.h">
      <Filter>Header Files</Filter>
    </ClInclude>
  </ItemGroup>
  <ItemGroup>
    <None Include="PA2528-3\Function.inl">
      <Filter>Header Files</Filter>
    </None>
    <None Include="PA2528-3\HashMap.inl">
      <Filter>Header Files</Filter>
    </None>
    <None Include="PA2528-3\Lambda.inl">
      <Filter>Header Files</Filter>
    </None>
    <None Include="PA2528-3\Promise.inl">
      <Filter>Header Files</Filter>
    </None>
    <None Include="PA2528-3\SharedPtr.inl">
      <Filter>Header Files</Filter>
    </None>
    <None Include="PA2528-3\ThreadPool.inl">
      <Filter>Header Files</Filter>
    </None>
    <None Include="PA2528-3\utility.inl">
      <Filter>Header Files</Filter>
    </None>
  </ItemGroup>
</Project>